// !$*UTF8*$!
{
	archiveVersion = 1;
	classes = {
	};
	objectVersion = 46;
	objects = {

/* Begin PBXBuildFile section */
		C15FF7F613E84E06001B0601 /* libRestKitJSONParserJSONKit.a in Frameworks */ = {isa = PBXBuildFile; fileRef = C15FF7EA13E82C70001B0601 /* libRestKitJSONParserJSONKit.a */; };
		C15FF7F713E84E06001B0601 /* libRestKitNetwork.a in Frameworks */ = {isa = PBXBuildFile; fileRef = C15FF7DE13E82C70001B0601 /* libRestKitNetwork.a */; };
		C15FF7F813E84E06001B0601 /* libRestKitObjectMapping.a in Frameworks */ = {isa = PBXBuildFile; fileRef = C15FF7E013E82C70001B0601 /* libRestKitObjectMapping.a */; };
		C15FF7F913E84E06001B0601 /* libRestKitSupport.a in Frameworks */ = {isa = PBXBuildFile; fileRef = C15FF7E213E82C70001B0601 /* libRestKitSupport.a */; };
		C15FF7FA13E84E06001B0601 /* libRestKitXMLParserLibxml.a in Frameworks */ = {isa = PBXBuildFile; fileRef = C15FF7EC13E82C70001B0601 /* libRestKitXMLParserLibxml.a */; };
		C15FF7FF13E84E06001B0601 /* CFNetwork.framework in Frameworks */ = {isa = PBXBuildFile; fileRef = C15FF7FB13E84E06001B0601 /* CFNetwork.framework */; };
		C15FF80013E84E06001B0601 /* libxml2.dylib in Frameworks */ = {isa = PBXBuildFile; fileRef = C15FF7FC13E84E06001B0601 /* libxml2.dylib */; };
		C15FF80113E84E06001B0601 /* MobileCoreServices.framework in Frameworks */ = {isa = PBXBuildFile; fileRef = C15FF7FD13E84E06001B0601 /* MobileCoreServices.framework */; };
		C15FF80213E84E06001B0601 /* SystemConfiguration.framework in Frameworks */ = {isa = PBXBuildFile; fileRef = C15FF7FE13E84E06001B0601 /* SystemConfiguration.framework */; };
		C18D5E5C13E8197300B7649A /* UIKit.framework in Frameworks */ = {isa = PBXBuildFile; fileRef = C18D5E5B13E8197300B7649A /* UIKit.framework */; };
		C18D5E5E13E8197300B7649A /* Foundation.framework in Frameworks */ = {isa = PBXBuildFile; fileRef = C18D5E5D13E8197300B7649A /* Foundation.framework */; };
		C18D5E6013E8197300B7649A /* CoreGraphics.framework in Frameworks */ = {isa = PBXBuildFile; fileRef = C18D5E5F13E8197300B7649A /* CoreGraphics.framework */; };
		C18D5E6613E8197300B7649A /* InfoPlist.strings in Resources */ = {isa = PBXBuildFile; fileRef = C18D5E6413E8197300B7649A /* InfoPlist.strings */; };
		C18D5E6813E8197300B7649A /* main.m in Sources */ = {isa = PBXBuildFile; fileRef = C18D5E6713E8197300B7649A /* main.m */; };
		C18D5E6C13E8197300B7649A /* Kurzovni_ListekAppDelegate.m in Sources */ = {isa = PBXBuildFile; fileRef = C18D5E6B13E8197300B7649A /* Kurzovni_ListekAppDelegate.m */; };
		C18D5E6F13E8197300B7649A /* MainStoryboard.storyboard in Resources */ = {isa = PBXBuildFile; fileRef = C18D5E6D13E8197300B7649A /* MainStoryboard.storyboard */; };
		C18D5E7213E8197300B7649A /* MainViewController.m in Sources */ = {isa = PBXBuildFile; fileRef = C18D5E7113E8197300B7649A /* MainViewController.m */; };
		C18D5E7A13E8197300B7649A /* SenTestingKit.framework in Frameworks */ = {isa = PBXBuildFile; fileRef = C18D5E7913E8197300B7649A /* SenTestingKit.framework */; };
		C18D5E7B13E8197300B7649A /* UIKit.framework in Frameworks */ = {isa = PBXBuildFile; fileRef = C18D5E5B13E8197300B7649A /* UIKit.framework */; };
		C18D5E7C13E8197300B7649A /* Foundation.framework in Frameworks */ = {isa = PBXBuildFile; fileRef = C18D5E5D13E8197300B7649A /* Foundation.framework */; };
		C18D5E7D13E8197300B7649A /* CoreGraphics.framework in Frameworks */ = {isa = PBXBuildFile; fileRef = C18D5E5F13E8197300B7649A /* CoreGraphics.framework */; };
		C18D5E8513E8197300B7649A /* InfoPlist.strings in Resources */ = {isa = PBXBuildFile; fileRef = C18D5E8313E8197300B7649A /* InfoPlist.strings */; };
		C18D5E8713E8197300B7649A /* Kurzovni_ListekTests.h in Resources */ = {isa = PBXBuildFile; fileRef = C18D5E8613E8197300B7649A /* Kurzovni_ListekTests.h */; };
		C18D5E8913E8197300B7649A /* Kurzovni_ListekTests.m in Sources */ = {isa = PBXBuildFile; fileRef = C18D5E8813E8197300B7649A /* Kurzovni_ListekTests.m */; };
		C19E260813F0232D00EFDC6F /* ERTableViewCell.m in Sources */ = {isa = PBXBuildFile; fileRef = C19E260713F0232D00EFDC6F /* ERTableViewCell.m */; };
		C1CA66E513FB142B00F64966 /* Raiffeisen-Bank-logo_114px.png in Resources */ = {isa = PBXBuildFile; fileRef = C1CA66E413FB142B00F64966 /* Raiffeisen-Bank-logo_114px.png */; };
		C1CA66E713FB143900F64966 /* Raiffeisen-Bank-logo_57px.png in Resources */ = {isa = PBXBuildFile; fileRef = C1CA66E613FB143900F64966 /* Raiffeisen-Bank-logo_57px.png */; };
		C1CA670013FB231300F64966 /* AUD.gif in Resources */ = {isa = PBXBuildFile; fileRef = C1CA66EF13FB231300F64966 /* AUD.gif */; };
		C1CA670113FB231300F64966 /* CAD.gif in Resources */ = {isa = PBXBuildFile; fileRef = C1CA66F013FB231300F64966 /* CAD.gif */; };
		C1CA670213FB231300F64966 /* CHF.gif in Resources */ = {isa = PBXBuildFile; fileRef = C1CA66F113FB231300F64966 /* CHF.gif */; };
		C1CA670313FB231300F64966 /* DKK.gif in Resources */ = {isa = PBXBuildFile; fileRef = C1CA66F213FB231300F64966 /* DKK.gif */; };
		C1CA670413FB231300F64966 /* EUR.gif in Resources */ = {isa = PBXBuildFile; fileRef = C1CA66F313FB231300F64966 /* EUR.gif */; };
		C1CA670513FB231300F64966 /* GBP.gif in Resources */ = {isa = PBXBuildFile; fileRef = C1CA66F413FB231300F64966 /* GBP.gif */; };
		C1CA670613FB231300F64966 /* HRK.gif in Resources */ = {isa = PBXBuildFile; fileRef = C1CA66F513FB231300F64966 /* HRK.gif */; };
		C1CA670713FB231300F64966 /* HUF.gif in Resources */ = {isa = PBXBuildFile; fileRef = C1CA66F613FB231300F64966 /* HUF.gif */; };
		C1CA670813FB231300F64966 /* JPY.gif in Resources */ = {isa = PBXBuildFile; fileRef = C1CA66F713FB231300F64966 /* JPY.gif */; };
		C1CA670913FB231300F64966 /* NOK.gif in Resources */ = {isa = PBXBuildFile; fileRef = C1CA66F813FB231300F64966 /* NOK.gif */; };
		C1CA670A13FB231300F64966 /* NZD.gif in Resources */ = {isa = PBXBuildFile; fileRef = C1CA66F913FB231300F64966 /* NZD.gif */; };
		C1CA670B13FB231300F64966 /* PLN.gif in Resources */ = {isa = PBXBuildFile; fileRef = C1CA66FA13FB231300F64966 /* PLN.gif */; };
		C1CA670C13FB231300F64966 /* RON.gif in Resources */ = {isa = PBXBuildFile; fileRef = C1CA66FB13FB231300F64966 /* RON.gif */; };
		C1CA670D13FB231300F64966 /* RUB.gif in Resources */ = {isa = PBXBuildFile; fileRef = C1CA66FC13FB231300F64966 /* RUB.gif */; };
		C1CA670E13FB231300F64966 /* SEK.gif in Resources */ = {isa = PBXBuildFile; fileRef = C1CA66FD13FB231300F64966 /* SEK.gif */; };
		C1CA670F13FB231300F64966 /* TRY.gif in Resources */ = {isa = PBXBuildFile; fileRef = C1CA66FE13FB231300F64966 /* TRY.gif */; };
		C1CA671013FB231300F64966 /* USD.gif in Resources */ = {isa = PBXBuildFile; fileRef = C1CA66FF13FB231300F64966 /* USD.gif */; };
/* End PBXBuildFile section */

/* Begin PBXContainerItemProxy section */
		C15FF7DD13E82C70001B0601 /* PBXContainerItemProxy */ = {
			isa = PBXContainerItemProxy;
			containerPortal = C15FF7C913E82C70001B0601 /* RestKit.xcodeproj */;
			proxyType = 2;
			remoteGlobalIDString = 253A07FC1255161B00976E89;
			remoteInfo = RestKitNetwork;
		};
		C15FF7DF13E82C70001B0601 /* PBXContainerItemProxy */ = {
			isa = PBXContainerItemProxy;
			containerPortal = C15FF7C913E82C70001B0601 /* RestKit.xcodeproj */;
			proxyType = 2;
			remoteGlobalIDString = 253A08031255162C00976E89;
			remoteInfo = RestKitObjectMapping;
		};
		C15FF7E113E82C70001B0601 /* PBXContainerItemProxy */ = {
			isa = PBXContainerItemProxy;
			containerPortal = C15FF7C913E82C70001B0601 /* RestKit.xcodeproj */;
			proxyType = 2;
			remoteGlobalIDString = 253A080C12551D3000976E89;
			remoteInfo = RestKitSupport;
		};
		C15FF7E313E82C70001B0601 /* PBXContainerItemProxy */ = {
			isa = PBXContainerItemProxy;
			containerPortal = C15FF7C913E82C70001B0601 /* RestKit.xcodeproj */;
			proxyType = 2;
			remoteGlobalIDString = 20808DBD13DE8CDC000A156A;
			remoteInfo = "RestKitJSONParser+NXJSON";
		};
		C15FF7E513E82C70001B0601 /* PBXContainerItemProxy */ = {
			isa = PBXContainerItemProxy;
			containerPortal = C15FF7C913E82C70001B0601 /* RestKit.xcodeproj */;
			proxyType = 2;
			remoteGlobalIDString = 2590E64F125231F600531FA8;
			remoteInfo = "RestKitJSONParser+YAJL";
		};
		C15FF7E713E82C70001B0601 /* PBXContainerItemProxy */ = {
			isa = PBXContainerItemProxy;
			containerPortal = C15FF7C913E82C70001B0601 /* RestKit.xcodeproj */;
			proxyType = 2;
			remoteGlobalIDString = 2590E66B1252353700531FA8;
			remoteInfo = "RestKitJSONParser+SBJSON";
		};
		C15FF7E913E82C70001B0601 /* PBXContainerItemProxy */ = {
			isa = PBXContainerItemProxy;
			containerPortal = C15FF7C913E82C70001B0601 /* RestKit.xcodeproj */;
			proxyType = 2;
			remoteGlobalIDString = 73057FD11331AD2E001908EE;
			remoteInfo = "RestKitJSONParser+JSONKit";
		};
		C15FF7EB13E82C70001B0601 /* PBXContainerItemProxy */ = {
			isa = PBXContainerItemProxy;
			containerPortal = C15FF7C913E82C70001B0601 /* RestKit.xcodeproj */;
			proxyType = 2;
			remoteGlobalIDString = 25BD43BD1340315800DBACDD;
			remoteInfo = "RestKitXMLParser+Libxml";
		};
		C15FF7ED13E82C70001B0601 /* PBXContainerItemProxy */ = {
			isa = PBXContainerItemProxy;
			containerPortal = C15FF7C913E82C70001B0601 /* RestKit.xcodeproj */;
			proxyType = 2;
			remoteGlobalIDString = 253A081412551D5300976E89;
			remoteInfo = RestKitCoreData;
		};
		C15FF7EF13E82C70001B0601 /* PBXContainerItemProxy */ = {
			isa = PBXContainerItemProxy;
			containerPortal = C15FF7C913E82C70001B0601 /* RestKit.xcodeproj */;
			proxyType = 2;
			remoteGlobalIDString = 2523360511E79F090048F9B4;
			remoteInfo = RestKitThree20;
		};
		C15FF7F113E82C70001B0601 /* PBXContainerItemProxy */ = {
			isa = PBXContainerItemProxy;
			containerPortal = C15FF7C913E82C70001B0601 /* RestKit.xcodeproj */;
			proxyType = 2;
			remoteGlobalIDString = 3F6C39A510FE5C95008F47C5;
			remoteInfo = UISpec;
		};
		C15FF7F413E84D39001B0601 /* PBXContainerItemProxy */ = {
			isa = PBXContainerItemProxy;
			containerPortal = C15FF7C913E82C70001B0601 /* RestKit.xcodeproj */;
			proxyType = 1;
			remoteGlobalIDString = 255B7588133BABBF00ED76AD;
			remoteInfo = RestKit;
		};
		C18D5E7E13E8197300B7649A /* PBXContainerItemProxy */ = {
			isa = PBXContainerItemProxy;
			containerPortal = C18D5E4E13E8197300B7649A /* Project object */;
			proxyType = 1;
			remoteGlobalIDString = C18D5E5613E8197300B7649A;
			remoteInfo = "Kurzovni Listek";
		};
/* End PBXContainerItemProxy section */

/* Begin PBXFileReference section */
		C15FF7C913E82C70001B0601 /* RestKit.xcodeproj */ = {isa = PBXFileReference; lastKnownFileType = "wrapper.pb-project"; name = RestKit.xcodeproj; path = RestKit/RestKit.xcodeproj; sourceTree = "<group>"; };
		C15FF7FB13E84E06001B0601 /* CFNetwork.framework */ = {isa = PBXFileReference; lastKnownFileType = wrapper.framework; name = CFNetwork.framework; path = System/Library/Frameworks/CFNetwork.framework; sourceTree = SDKROOT; };
		C15FF7FC13E84E06001B0601 /* libxml2.dylib */ = {isa = PBXFileReference; lastKnownFileType = "compiled.mach-o.dylib"; name = libxml2.dylib; path = usr/lib/libxml2.dylib; sourceTree = SDKROOT; };
		C15FF7FD13E84E06001B0601 /* MobileCoreServices.framework */ = {isa = PBXFileReference; lastKnownFileType = wrapper.framework; name = MobileCoreServices.framework; path = System/Library/Frameworks/MobileCoreServices.framework; sourceTree = SDKROOT; };
		C15FF7FE13E84E06001B0601 /* SystemConfiguration.framework */ = {isa = PBXFileReference; lastKnownFileType = wrapper.framework; name = SystemConfiguration.framework; path = System/Library/Frameworks/SystemConfiguration.framework; sourceTree = SDKROOT; };
		C18D5E5713E8197300B7649A /* Kurzovni Listek.app */ = {isa = PBXFileReference; explicitFileType = wrapper.application; includeInIndex = 0; path = "Kurzovni Listek.app"; sourceTree = BUILT_PRODUCTS_DIR; };
		C18D5E5B13E8197300B7649A /* UIKit.framework */ = {isa = PBXFileReference; lastKnownFileType = wrapper.framework; name = UIKit.framework; path = System/Library/Frameworks/UIKit.framework; sourceTree = SDKROOT; };
		C18D5E5D13E8197300B7649A /* Foundation.framework */ = {isa = PBXFileReference; lastKnownFileType = wrapper.framework; name = Foundation.framework; path = System/Library/Frameworks/Foundation.framework; sourceTree = SDKROOT; };
		C18D5E5F13E8197300B7649A /* CoreGraphics.framework */ = {isa = PBXFileReference; lastKnownFileType = wrapper.framework; name = CoreGraphics.framework; path = System/Library/Frameworks/CoreGraphics.framework; sourceTree = SDKROOT; };
		C18D5E6313E8197300B7649A /* Kurzovni Listek-Info.plist */ = {isa = PBXFileReference; lastKnownFileType = text.plist.xml; path = "Kurzovni Listek-Info.plist"; sourceTree = "<group>"; };
		C18D5E6513E8197300B7649A /* en */ = {isa = PBXFileReference; lastKnownFileType = text.plist.strings; name = en; path = en.lproj/InfoPlist.strings; sourceTree = "<group>"; };
		C18D5E6713E8197300B7649A /* main.m */ = {isa = PBXFileReference; lastKnownFileType = sourcecode.c.objc; path = main.m; sourceTree = "<group>"; };
		C18D5E6913E8197300B7649A /* Kurzovni Listek-Prefix.pch */ = {isa = PBXFileReference; lastKnownFileType = sourcecode.c.h; path = "Kurzovni Listek-Prefix.pch"; sourceTree = "<group>"; };
		C18D5E6A13E8197300B7649A /* Kurzovni_ListekAppDelegate.h */ = {isa = PBXFileReference; lastKnownFileType = sourcecode.c.h; path = Kurzovni_ListekAppDelegate.h; sourceTree = "<group>"; };
		C18D5E6B13E8197300B7649A /* Kurzovni_ListekAppDelegate.m */ = {isa = PBXFileReference; lastKnownFileType = sourcecode.c.objc; path = Kurzovni_ListekAppDelegate.m; sourceTree = "<group>"; };
		C18D5E6E13E8197300B7649A /* en */ = {isa = PBXFileReference; lastKnownFileType = file.storyboard; name = en; path = en.lproj/MainStoryboard.storyboard; sourceTree = "<group>"; };
		C18D5E7013E8197300B7649A /* MainViewController.h */ = {isa = PBXFileReference; lastKnownFileType = sourcecode.c.h; path = MainViewController.h; sourceTree = "<group>"; };
		C18D5E7113E8197300B7649A /* MainViewController.m */ = {isa = PBXFileReference; lastKnownFileType = sourcecode.c.objc; path = MainViewController.m; sourceTree = "<group>"; };
		C18D5E7813E8197300B7649A /* Kurzovni ListekTests.octest */ = {isa = PBXFileReference; explicitFileType = wrapper.cfbundle; includeInIndex = 0; path = "Kurzovni ListekTests.octest"; sourceTree = BUILT_PRODUCTS_DIR; };
		C18D5E7913E8197300B7649A /* SenTestingKit.framework */ = {isa = PBXFileReference; lastKnownFileType = wrapper.framework; name = SenTestingKit.framework; path = Library/Frameworks/SenTestingKit.framework; sourceTree = DEVELOPER_DIR; };
		C18D5E8213E8197300B7649A /* Kurzovni ListekTests-Info.plist */ = {isa = PBXFileReference; lastKnownFileType = text.plist.xml; path = "Kurzovni ListekTests-Info.plist"; sourceTree = "<group>"; };
		C18D5E8413E8197300B7649A /* en */ = {isa = PBXFileReference; lastKnownFileType = text.plist.strings; name = en; path = en.lproj/InfoPlist.strings; sourceTree = "<group>"; };
		C18D5E8613E8197300B7649A /* Kurzovni_ListekTests.h */ = {isa = PBXFileReference; lastKnownFileType = sourcecode.c.h; path = Kurzovni_ListekTests.h; sourceTree = "<group>"; };
		C18D5E8813E8197300B7649A /* Kurzovni_ListekTests.m */ = {isa = PBXFileReference; lastKnownFileType = sourcecode.c.objc; path = Kurzovni_ListekTests.m; sourceTree = "<group>"; };
		C19E260613F0232D00EFDC6F /* ERTableViewCell.h */ = {isa = PBXFileReference; fileEncoding = 4; lastKnownFileType = sourcecode.c.h; path = ERTableViewCell.h; sourceTree = "<group>"; };
		C19E260713F0232D00EFDC6F /* ERTableViewCell.m */ = {isa = PBXFileReference; fileEncoding = 4; lastKnownFileType = sourcecode.c.objc; path = ERTableViewCell.m; sourceTree = "<group>"; };
		C1CA66E413FB142B00F64966 /* Raiffeisen-Bank-logo_114px.png */ = {isa = PBXFileReference; lastKnownFileType = image.png; name = "Raiffeisen-Bank-logo_114px.png"; path = "Images/Raiffeisen-Bank-logo_114px.png"; sourceTree = "<group>"; };
		C1CA66E613FB143900F64966 /* Raiffeisen-Bank-logo_57px.png */ = {isa = PBXFileReference; lastKnownFileType = image.png; name = "Raiffeisen-Bank-logo_57px.png"; path = "Images/Raiffeisen-Bank-logo_57px.png"; sourceTree = "<group>"; };
		C1CA66EF13FB231300F64966 /* AUD.gif */ = {isa = PBXFileReference; lastKnownFileType = image.gif; name = AUD.gif; path = Images/Flags/AUD.gif; sourceTree = "<group>"; };
		C1CA66F013FB231300F64966 /* CAD.gif */ = {isa = PBXFileReference; lastKnownFileType = image.gif; name = CAD.gif; path = Images/Flags/CAD.gif; sourceTree = "<group>"; };
		C1CA66F113FB231300F64966 /* CHF.gif */ = {isa = PBXFileReference; lastKnownFileType = image.gif; name = CHF.gif; path = Images/Flags/CHF.gif; sourceTree = "<group>"; };
		C1CA66F213FB231300F64966 /* DKK.gif */ = {isa = PBXFileReference; lastKnownFileType = image.gif; name = DKK.gif; path = Images/Flags/DKK.gif; sourceTree = "<group>"; };
		C1CA66F313FB231300F64966 /* EUR.gif */ = {isa = PBXFileReference; lastKnownFileType = image.gif; name = EUR.gif; path = Images/Flags/EUR.gif; sourceTree = "<group>"; };
		C1CA66F413FB231300F64966 /* GBP.gif */ = {isa = PBXFileReference; lastKnownFileType = image.gif; name = GBP.gif; path = Images/Flags/GBP.gif; sourceTree = "<group>"; };
		C1CA66F513FB231300F64966 /* HRK.gif */ = {isa = PBXFileReference; lastKnownFileType = image.gif; name = HRK.gif; path = Images/Flags/HRK.gif; sourceTree = "<group>"; };
		C1CA66F613FB231300F64966 /* HUF.gif */ = {isa = PBXFileReference; lastKnownFileType = image.gif; name = HUF.gif; path = Images/Flags/HUF.gif; sourceTree = "<group>"; };
		C1CA66F713FB231300F64966 /* JPY.gif */ = {isa = PBXFileReference; lastKnownFileType = image.gif; name = JPY.gif; path = Images/Flags/JPY.gif; sourceTree = "<group>"; };
		C1CA66F813FB231300F64966 /* NOK.gif */ = {isa = PBXFileReference; lastKnownFileType = image.gif; name = NOK.gif; path = Images/Flags/NOK.gif; sourceTree = "<group>"; };
		C1CA66F913FB231300F64966 /* NZD.gif */ = {isa = PBXFileReference; lastKnownFileType = image.gif; name = NZD.gif; path = Images/Flags/NZD.gif; sourceTree = "<group>"; };
		C1CA66FA13FB231300F64966 /* PLN.gif */ = {isa = PBXFileReference; lastKnownFileType = image.gif; name = PLN.gif; path = Images/Flags/PLN.gif; sourceTree = "<group>"; };
		C1CA66FB13FB231300F64966 /* RON.gif */ = {isa = PBXFileReference; lastKnownFileType = image.gif; name = RON.gif; path = Images/Flags/RON.gif; sourceTree = "<group>"; };
		C1CA66FC13FB231300F64966 /* RUB.gif */ = {isa = PBXFileReference; lastKnownFileType = image.gif; name = RUB.gif; path = Images/Flags/RUB.gif; sourceTree = "<group>"; };
		C1CA66FD13FB231300F64966 /* SEK.gif */ = {isa = PBXFileReference; lastKnownFileType = image.gif; name = SEK.gif; path = Images/Flags/SEK.gif; sourceTree = "<group>"; };
		C1CA66FE13FB231300F64966 /* TRY.gif */ = {isa = PBXFileReference; lastKnownFileType = image.gif; name = TRY.gif; path = Images/Flags/TRY.gif; sourceTree = "<group>"; };
		C1CA66FF13FB231300F64966 /* USD.gif */ = {isa = PBXFileReference; lastKnownFileType = image.gif; name = USD.gif; path = Images/Flags/USD.gif; sourceTree = "<group>"; };
/* End PBXFileReference section */

/* Begin PBXFrameworksBuildPhase section */
		C18D5E5413E8197300B7649A /* Frameworks */ = {
			isa = PBXFrameworksBuildPhase;
			buildActionMask = 2147483647;
			files = (
				C15FF7FF13E84E06001B0601 /* CFNetwork.framework in Frameworks */,
				C15FF80013E84E06001B0601 /* libxml2.dylib in Frameworks */,
				C15FF80113E84E06001B0601 /* MobileCoreServices.framework in Frameworks */,
				C15FF80213E84E06001B0601 /* SystemConfiguration.framework in Frameworks */,
				C15FF7F613E84E06001B0601 /* libRestKitJSONParserJSONKit.a in Frameworks */,
				C15FF7F713E84E06001B0601 /* libRestKitNetwork.a in Frameworks */,
				C15FF7F813E84E06001B0601 /* libRestKitObjectMapping.a in Frameworks */,
				C15FF7F913E84E06001B0601 /* libRestKitSupport.a in Frameworks */,
				C15FF7FA13E84E06001B0601 /* libRestKitXMLParserLibxml.a in Frameworks */,
				C18D5E5C13E8197300B7649A /* UIKit.framework in Frameworks */,
				C18D5E5E13E8197300B7649A /* Foundation.framework in Frameworks */,
				C18D5E6013E8197300B7649A /* CoreGraphics.framework in Frameworks */,
			);
			runOnlyForDeploymentPostprocessing = 0;
		};
		C18D5E7413E8197300B7649A /* Frameworks */ = {
			isa = PBXFrameworksBuildPhase;
			buildActionMask = 2147483647;
			files = (
				C18D5E7A13E8197300B7649A /* SenTestingKit.framework in Frameworks */,
				C18D5E7B13E8197300B7649A /* UIKit.framework in Frameworks */,
				C18D5E7C13E8197300B7649A /* Foundation.framework in Frameworks */,
				C18D5E7D13E8197300B7649A /* CoreGraphics.framework in Frameworks */,
			);
			runOnlyForDeploymentPostprocessing = 0;
		};
/* End PBXFrameworksBuildPhase section */

/* Begin PBXGroup section */
		C15FF7CA13E82C70001B0601 /* Products */ = {
			isa = PBXGroup;
			children = (
				C15FF7DE13E82C70001B0601 /* libRestKitNetwork.a */,
				C15FF7E013E82C70001B0601 /* libRestKitObjectMapping.a */,
				C15FF7E213E82C70001B0601 /* libRestKitSupport.a */,
				C15FF7E413E82C70001B0601 /* libRestKitJSONParser+NXJSON.a */,
				C15FF7E613E82C70001B0601 /* libRestKitJSONParserYAJL.a */,
				C15FF7E813E82C70001B0601 /* libRestKitJSONParserSBJSON.a */,
				C15FF7EA13E82C70001B0601 /* libRestKitJSONParserJSONKit.a */,
				C15FF7EC13E82C70001B0601 /* libRestKitXMLParserLibxml.a */,
				C15FF7EE13E82C70001B0601 /* libRestKitCoreData.a */,
				C15FF7F013E82C70001B0601 /* libRestKitThree20.a */,
				C15FF7F213E82C70001B0601 /* UISpec.app */,
			);
			name = Products;
			sourceTree = "<group>";
		};
		C18D5E4C13E8197300B7649A = {
			isa = PBXGroup;
			children = (
				C15FF7FB13E84E06001B0601 /* CFNetwork.framework */,
				C15FF7FC13E84E06001B0601 /* libxml2.dylib */,
				C15FF7FD13E84E06001B0601 /* MobileCoreServices.framework */,
				C15FF7FE13E84E06001B0601 /* SystemConfiguration.framework */,
				C15FF7C913E82C70001B0601 /* RestKit.xcodeproj */,
				C18D5E6113E8197300B7649A /* Kurzovni Listek */,
				C18D5E8013E8197300B7649A /* Kurzovni ListekTests */,
				C18D5E5A13E8197300B7649A /* Frameworks */,
				C18D5E5813E8197300B7649A /* Products */,
			);
			sourceTree = "<group>";
		};
		C18D5E5813E8197300B7649A /* Products */ = {
			isa = PBXGroup;
			children = (
				C18D5E5713E8197300B7649A /* Kurzovni Listek.app */,
				C18D5E7813E8197300B7649A /* Kurzovni ListekTests.octest */,
			);
			name = Products;
			sourceTree = "<group>";
		};
		C18D5E5A13E8197300B7649A /* Frameworks */ = {
			isa = PBXGroup;
			children = (
				C18D5E5B13E8197300B7649A /* UIKit.framework */,
				C18D5E5D13E8197300B7649A /* Foundation.framework */,
				C18D5E5F13E8197300B7649A /* CoreGraphics.framework */,
				C18D5E7913E8197300B7649A /* SenTestingKit.framework */,
			);
			name = Frameworks;
			sourceTree = "<group>";
		};
		C18D5E6113E8197300B7649A /* Kurzovni Listek */ = {
			isa = PBXGroup;
			children = (
				C18D5E6A13E8197300B7649A /* Kurzovni_ListekAppDelegate.h */,
				C18D5E6B13E8197300B7649A /* Kurzovni_ListekAppDelegate.m */,
				C18D5E6D13E8197300B7649A /* MainStoryboard.storyboard */,
				C18D5E7013E8197300B7649A /* MainViewController.h */,
				C18D5E7113E8197300B7649A /* MainViewController.m */,
				C19E260613F0232D00EFDC6F /* ERTableViewCell.h */,
				C19E260713F0232D00EFDC6F /* ERTableViewCell.m */,
				C18D5E6213E8197300B7649A /* Supporting Files */,
			);
			path = "Kurzovni Listek";
			sourceTree = "<group>";
		};
		C18D5E6213E8197300B7649A /* Supporting Files */ = {
			isa = PBXGroup;
			children = (
				C1CA66E313FB0ED200F64966 /* Images */,
				C18D5E6313E8197300B7649A /* Kurzovni Listek-Info.plist */,
				C18D5E6413E8197300B7649A /* InfoPlist.strings */,
				C18D5E6713E8197300B7649A /* main.m */,
				C18D5E6913E8197300B7649A /* Kurzovni Listek-Prefix.pch */,
			);
			name = "Supporting Files";
			sourceTree = "<group>";
		};
		C18D5E8013E8197300B7649A /* Kurzovni ListekTests */ = {
			isa = PBXGroup;
			children = (
				C18D5E8613E8197300B7649A /* Kurzovni_ListekTests.h */,
				C18D5E8813E8197300B7649A /* Kurzovni_ListekTests.m */,
				C18D5E8113E8197300B7649A /* Supporting Files */,
			);
			path = "Kurzovni ListekTests";
			sourceTree = "<group>";
		};
		C18D5E8113E8197300B7649A /* Supporting Files */ = {
			isa = PBXGroup;
			children = (
				C18D5E8213E8197300B7649A /* Kurzovni ListekTests-Info.plist */,
				C18D5E8313E8197300B7649A /* InfoPlist.strings */,
			);
			name = "Supporting Files";
			sourceTree = "<group>";
		};
		C1CA66E313FB0ED200F64966 /* Images */ = {
			isa = PBXGroup;
			children = (
				C1CA66E813FB1F9B00F64966 /* Flags */,
				C1CA66E613FB143900F64966 /* Raiffeisen-Bank-logo_57px.png */,
				C1CA66E413FB142B00F64966 /* Raiffeisen-Bank-logo_114px.png */,
			);
			name = Images;
			sourceTree = "<group>";
		};
		C1CA66E813FB1F9B00F64966 /* Flags */ = {
			isa = PBXGroup;
			children = (
				C1CA66EF13FB231300F64966 /* AUD.gif */,
				C1CA66F013FB231300F64966 /* CAD.gif */,
				C1CA66F113FB231300F64966 /* CHF.gif */,
				C1CA66F213FB231300F64966 /* DKK.gif */,
				C1CA66F313FB231300F64966 /* EUR.gif */,
				C1CA66F413FB231300F64966 /* GBP.gif */,
				C1CA66F513FB231300F64966 /* HRK.gif */,
				C1CA66F613FB231300F64966 /* HUF.gif */,
				C1CA66F713FB231300F64966 /* JPY.gif */,
				C1CA66F813FB231300F64966 /* NOK.gif */,
				C1CA66F913FB231300F64966 /* NZD.gif */,
				C1CA66FA13FB231300F64966 /* PLN.gif */,
				C1CA66FB13FB231300F64966 /* RON.gif */,
				C1CA66FC13FB231300F64966 /* RUB.gif */,
				C1CA66FD13FB231300F64966 /* SEK.gif */,
				C1CA66FE13FB231300F64966 /* TRY.gif */,
				C1CA66FF13FB231300F64966 /* USD.gif */,
			);
			name = Flags;
			sourceTree = "<group>";
		};
/* End PBXGroup section */

/* Begin PBXNativeTarget section */
		C18D5E5613E8197300B7649A /* Kurzovni Listek */ = {
			isa = PBXNativeTarget;
			buildConfigurationList = C18D5E8C13E8197300B7649A /* Build configuration list for PBXNativeTarget "Kurzovni Listek" */;
			buildPhases = (
				C18D5E5313E8197300B7649A /* Sources */,
				C18D5E5413E8197300B7649A /* Frameworks */,
				C18D5E5513E8197300B7649A /* Resources */,
			);
			buildRules = (
			);
			dependencies = (
				C15FF7F513E84D39001B0601 /* PBXTargetDependency */,
			);
			name = "Kurzovni Listek";
			productName = "Kurzovni Listek";
			productReference = C18D5E5713E8197300B7649A /* Kurzovni Listek.app */;
			productType = "com.apple.product-type.application";
		};
		C18D5E7713E8197300B7649A /* Kurzovni ListekTests */ = {
			isa = PBXNativeTarget;
			buildConfigurationList = C18D5E8F13E8197300B7649A /* Build configuration list for PBXNativeTarget "Kurzovni ListekTests" */;
			buildPhases = (
				C18D5E7313E8197300B7649A /* Sources */,
				C18D5E7413E8197300B7649A /* Frameworks */,
				C18D5E7513E8197300B7649A /* Resources */,
				C18D5E7613E8197300B7649A /* ShellScript */,
			);
			buildRules = (
			);
			dependencies = (
				C18D5E7F13E8197300B7649A /* PBXTargetDependency */,
			);
			name = "Kurzovni ListekTests";
			productName = "Kurzovni ListekTests";
			productReference = C18D5E7813E8197300B7649A /* Kurzovni ListekTests.octest */;
			productType = "com.apple.product-type.bundle";
		};
/* End PBXNativeTarget section */

/* Begin PBXProject section */
		C18D5E4E13E8197300B7649A /* Project object */ = {
			isa = PBXProject;
			attributes = {
				LastUpgradeCheck = 0420;
				ORGANIZATIONNAME = "TopMonks AG";
			};
			buildConfigurationList = C18D5E5113E8197300B7649A /* Build configuration list for PBXProject "Kurzovni Listek" */;
			compatibilityVersion = "Xcode 3.2";
			developmentRegion = English;
			hasScannedForEncodings = 0;
			knownRegions = (
				en,
			);
			mainGroup = C18D5E4C13E8197300B7649A;
			productRefGroup = C18D5E5813E8197300B7649A /* Products */;
			projectDirPath = "";
			projectReferences = (
				{
					ProductGroup = C15FF7CA13E82C70001B0601 /* Products */;
					ProjectRef = C15FF7C913E82C70001B0601 /* RestKit.xcodeproj */;
				},
			);
			projectRoot = "";
			targets = (
				C18D5E5613E8197300B7649A /* Kurzovni Listek */,
				C18D5E7713E8197300B7649A /* Kurzovni ListekTests */,
			);
		};
/* End PBXProject section */

/* Begin PBXReferenceProxy section */
		C15FF7DE13E82C70001B0601 /* libRestKitNetwork.a */ = {
			isa = PBXReferenceProxy;
			fileType = archive.ar;
			path = libRestKitNetwork.a;
			remoteRef = C15FF7DD13E82C70001B0601 /* PBXContainerItemProxy */;
			sourceTree = BUILT_PRODUCTS_DIR;
		};
		C15FF7E013E82C70001B0601 /* libRestKitObjectMapping.a */ = {
			isa = PBXReferenceProxy;
			fileType = archive.ar;
			path = libRestKitObjectMapping.a;
			remoteRef = C15FF7DF13E82C70001B0601 /* PBXContainerItemProxy */;
			sourceTree = BUILT_PRODUCTS_DIR;
		};
		C15FF7E213E82C70001B0601 /* libRestKitSupport.a */ = {
			isa = PBXReferenceProxy;
			fileType = archive.ar;
			path = libRestKitSupport.a;
			remoteRef = C15FF7E113E82C70001B0601 /* PBXContainerItemProxy */;
			sourceTree = BUILT_PRODUCTS_DIR;
		};
		C15FF7E413E82C70001B0601 /* libRestKitJSONParser+NXJSON.a */ = {
			isa = PBXReferenceProxy;
			fileType = archive.ar;
			name = "libRestKitJSONParser+NXJSON.a";
			path = libRestKitJSONParserNXJSON.a;
			remoteRef = C15FF7E313E82C70001B0601 /* PBXContainerItemProxy */;
			sourceTree = BUILT_PRODUCTS_DIR;
		};
		C15FF7E613E82C70001B0601 /* libRestKitJSONParserYAJL.a */ = {
			isa = PBXReferenceProxy;
			fileType = archive.ar;
			path = libRestKitJSONParserYAJL.a;
			remoteRef = C15FF7E513E82C70001B0601 /* PBXContainerItemProxy */;
			sourceTree = BUILT_PRODUCTS_DIR;
		};
		C15FF7E813E82C70001B0601 /* libRestKitJSONParserSBJSON.a */ = {
			isa = PBXReferenceProxy;
			fileType = archive.ar;
			path = libRestKitJSONParserSBJSON.a;
			remoteRef = C15FF7E713E82C70001B0601 /* PBXContainerItemProxy */;
			sourceTree = BUILT_PRODUCTS_DIR;
		};
		C15FF7EA13E82C70001B0601 /* libRestKitJSONParserJSONKit.a */ = {
			isa = PBXReferenceProxy;
			fileType = archive.ar;
			path = libRestKitJSONParserJSONKit.a;
			remoteRef = C15FF7E913E82C70001B0601 /* PBXContainerItemProxy */;
			sourceTree = BUILT_PRODUCTS_DIR;
		};
		C15FF7EC13E82C70001B0601 /* libRestKitXMLParserLibxml.a */ = {
			isa = PBXReferenceProxy;
			fileType = archive.ar;
			path = libRestKitXMLParserLibxml.a;
			remoteRef = C15FF7EB13E82C70001B0601 /* PBXContainerItemProxy */;
			sourceTree = BUILT_PRODUCTS_DIR;
		};
		C15FF7EE13E82C70001B0601 /* libRestKitCoreData.a */ = {
			isa = PBXReferenceProxy;
			fileType = archive.ar;
			path = libRestKitCoreData.a;
			remoteRef = C15FF7ED13E82C70001B0601 /* PBXContainerItemProxy */;
			sourceTree = BUILT_PRODUCTS_DIR;
		};
		C15FF7F013E82C70001B0601 /* libRestKitThree20.a */ = {
			isa = PBXReferenceProxy;
			fileType = archive.ar;
			path = libRestKitThree20.a;
			remoteRef = C15FF7EF13E82C70001B0601 /* PBXContainerItemProxy */;
			sourceTree = BUILT_PRODUCTS_DIR;
		};
		C15FF7F213E82C70001B0601 /* UISpec.app */ = {
			isa = PBXReferenceProxy;
			fileType = wrapper.application;
			path = UISpec.app;
			remoteRef = C15FF7F113E82C70001B0601 /* PBXContainerItemProxy */;
			sourceTree = BUILT_PRODUCTS_DIR;
		};
/* End PBXReferenceProxy section */

/* Begin PBXResourcesBuildPhase section */
		C18D5E5513E8197300B7649A /* Resources */ = {
			isa = PBXResourcesBuildPhase;
			buildActionMask = 2147483647;
			files = (
				C18D5E6613E8197300B7649A /* InfoPlist.strings in Resources */,
				C18D5E6F13E8197300B7649A /* MainStoryboard.storyboard in Resources */,
				C1CA66E513FB142B00F64966 /* Raiffeisen-Bank-logo_114px.png in Resources */,
				C1CA66E713FB143900F64966 /* Raiffeisen-Bank-logo_57px.png in Resources */,
				C1CA670013FB231300F64966 /* AUD.gif in Resources */,
				C1CA670113FB231300F64966 /* CAD.gif in Resources */,
				C1CA670213FB231300F64966 /* CHF.gif in Resources */,
				C1CA670313FB231300F64966 /* DKK.gif in Resources */,
				C1CA670413FB231300F64966 /* EUR.gif in Resources */,
				C1CA670513FB231300F64966 /* GBP.gif in Resources */,
				C1CA670613FB231300F64966 /* HRK.gif in Resources */,
				C1CA670713FB231300F64966 /* HUF.gif in Resources */,
				C1CA670813FB231300F64966 /* JPY.gif in Resources */,
				C1CA670913FB231300F64966 /* NOK.gif in Resources */,
				C1CA670A13FB231300F64966 /* NZD.gif in Resources */,
				C1CA670B13FB231300F64966 /* PLN.gif in Resources */,
				C1CA670C13FB231300F64966 /* RON.gif in Resources */,
				C1CA670D13FB231300F64966 /* RUB.gif in Resources */,
				C1CA670E13FB231300F64966 /* SEK.gif in Resources */,
				C1CA670F13FB231300F64966 /* TRY.gif in Resources */,
				C1CA671013FB231300F64966 /* USD.gif in Resources */,
			);
			runOnlyForDeploymentPostprocessing = 0;
		};
		C18D5E7513E8197300B7649A /* Resources */ = {
			isa = PBXResourcesBuildPhase;
			buildActionMask = 2147483647;
			files = (
				C18D5E8513E8197300B7649A /* InfoPlist.strings in Resources */,
				C18D5E8713E8197300B7649A /* Kurzovni_ListekTests.h in Resources */,
			);
			runOnlyForDeploymentPostprocessing = 0;
		};
/* End PBXResourcesBuildPhase section */

/* Begin PBXShellScriptBuildPhase section */
		C18D5E7613E8197300B7649A /* ShellScript */ = {
			isa = PBXShellScriptBuildPhase;
			buildActionMask = 2147483647;
			files = (
			);
			inputPaths = (
			);
			outputPaths = (
			);
			runOnlyForDeploymentPostprocessing = 0;
			shellPath = /bin/sh;
			shellScript = "# Run the unit tests in this test bundle.\n\"${SYSTEM_DEVELOPER_DIR}/Tools/RunUnitTests\"\n";
		};
/* End PBXShellScriptBuildPhase section */

/* Begin PBXSourcesBuildPhase section */
		C18D5E5313E8197300B7649A /* Sources */ = {
			isa = PBXSourcesBuildPhase;
			buildActionMask = 2147483647;
			files = (
				C18D5E6813E8197300B7649A /* main.m in Sources */,
				C18D5E6C13E8197300B7649A /* Kurzovni_ListekAppDelegate.m in Sources */,
				C18D5E7213E8197300B7649A /* MainViewController.m in Sources */,
				C19E260813F0232D00EFDC6F /* ERTableViewCell.m in Sources */,
			);
			runOnlyForDeploymentPostprocessing = 0;
		};
		C18D5E7313E8197300B7649A /* Sources */ = {
			isa = PBXSourcesBuildPhase;
			buildActionMask = 2147483647;
			files = (
				C18D5E8913E8197300B7649A /* Kurzovni_ListekTests.m in Sources */,
			);
			runOnlyForDeploymentPostprocessing = 0;
		};
/* End PBXSourcesBuildPhase section */

/* Begin PBXTargetDependency section */
		C15FF7F513E84D39001B0601 /* PBXTargetDependency */ = {
			isa = PBXTargetDependency;
			name = RestKit;
			targetProxy = C15FF7F413E84D39001B0601 /* PBXContainerItemProxy */;
		};
		C18D5E7F13E8197300B7649A /* PBXTargetDependency */ = {
			isa = PBXTargetDependency;
			target = C18D5E5613E8197300B7649A /* Kurzovni Listek */;
			targetProxy = C18D5E7E13E8197300B7649A /* PBXContainerItemProxy */;
		};
/* End PBXTargetDependency section */

/* Begin PBXVariantGroup section */
		C18D5E6413E8197300B7649A /* InfoPlist.strings */ = {
			isa = PBXVariantGroup;
			children = (
				C18D5E6513E8197300B7649A /* en */,
			);
			name = InfoPlist.strings;
			sourceTree = "<group>";
		};
		C18D5E6D13E8197300B7649A /* MainStoryboard.storyboard */ = {
			isa = PBXVariantGroup;
			children = (
				C18D5E6E13E8197300B7649A /* en */,
			);
			name = MainStoryboard.storyboard;
			sourceTree = "<group>";
		};
		C18D5E8313E8197300B7649A /* InfoPlist.strings */ = {
			isa = PBXVariantGroup;
			children = (
				C18D5E8413E8197300B7649A /* en */,
			);
			name = InfoPlist.strings;
			sourceTree = "<group>";
		};
/* End PBXVariantGroup section */

/* Begin XCBuildConfiguration section */
		C18D5E8A13E8197300B7649A /* Debug */ = {
			isa = XCBuildConfiguration;
			buildSettings = {
				ALWAYS_SEARCH_USER_PATHS = NO;
				ARCHS = "$(ARCHS_STANDARD_32_BIT)";
				CLANG_ENABLE_OBJC_ARC = YES;
				"CODE_SIGN_IDENTITY[sdk=iphoneos*]" = "iPhone Developer";
				COPY_PHASE_STRIP = NO;
				GCC_C_LANGUAGE_STANDARD = gnu99;
				GCC_DYNAMIC_NO_PIC = NO;
				GCC_OPTIMIZATION_LEVEL = 0;
				GCC_PREPROCESSOR_DEFINITIONS = (
					"DEBUG=1",
					"$(inherited)",
				);
				GCC_SYMBOLS_PRIVATE_EXTERN = NO;
				GCC_VERSION = com.apple.compilers.llvm.clang.1_0;
				GCC_WARN_ABOUT_MISSING_PROTOTYPES = YES;
				GCC_WARN_ABOUT_RETURN_TYPE = YES;
				GCC_WARN_UNUSED_VARIABLE = YES;
				HEADER_SEARCH_PATHS = "\"$(SOURCE_ROOT)/RestKit/Build\"";
				IPHONEOS_DEPLOYMENT_TARGET = 5.0;
				LD_MAP_FILE_PATH = "\"$(TARGET_TEMP_DIR)/$(PRODUCT_NAME)-LinkMap-$(CURRENT_VARIANT)-$(CURRENT_ARCH).txt\"";
				LIBRARY_SEARCH_PATHS = "\"$(SOURCE_ROOT)/RestKit/Build\"";
				OTHER_LDFLAGS = (
					"-ObjC",
					"-all_load",
				);
				SDKROOT = iphoneos;
			};
			name = Debug;
		};
		C18D5E8B13E8197300B7649A /* Release */ = {
			isa = XCBuildConfiguration;
			buildSettings = {
				ALWAYS_SEARCH_USER_PATHS = NO;
				ARCHS = "$(ARCHS_STANDARD_32_BIT)";
				CLANG_ENABLE_OBJC_ARC = YES;
				"CODE_SIGN_IDENTITY[sdk=iphoneos*]" = "iPhone Developer";
				COPY_PHASE_STRIP = YES;
				GCC_C_LANGUAGE_STANDARD = gnu99;
				GCC_VERSION = com.apple.compilers.llvm.clang.1_0;
				GCC_WARN_ABOUT_MISSING_PROTOTYPES = YES;
				GCC_WARN_ABOUT_RETURN_TYPE = YES;
				GCC_WARN_UNUSED_VARIABLE = YES;
				HEADER_SEARCH_PATHS = "\"$(SOURCE_ROOT)/RestKit/Build\"";
				IPHONEOS_DEPLOYMENT_TARGET = 5.0;
				LD_MAP_FILE_PATH = "\"$(TARGET_TEMP_DIR)/$(PRODUCT_NAME)-LinkMap-$(CURRENT_VARIANT)-$(CURRENT_ARCH).txt\"";
				LIBRARY_SEARCH_PATHS = "\"$(SOURCE_ROOT)/RestKit/Build\"";
				OTHER_CFLAGS = "-DNS_BLOCK_ASSERTIONS=1";
				OTHER_LDFLAGS = (
					"-ObjC",
					"-all_load",
				);
				SDKROOT = iphoneos;
				VALIDATE_PRODUCT = YES;
			};
			name = Release;
		};
		C18D5E8D13E8197300B7649A /* Debug */ = {
			isa = XCBuildConfiguration;
			buildSettings = {
				GCC_PRECOMPILE_PREFIX_HEADER = YES;
				GCC_PREFIX_HEADER = "Kurzovni Listek/Kurzovni Listek-Prefix.pch";
				INFOPLIST_FILE = "Kurzovni Listek/Kurzovni Listek-Info.plist";
				PRODUCT_NAME = "$(TARGET_NAME)";
				WRAPPER_EXTENSION = app;
			};
			name = Debug;
		};
		C18D5E8E13E8197300B7649A /* Release */ = {
			isa = XCBuildConfiguration;
			buildSettings = {
				GCC_PRECOMPILE_PREFIX_HEADER = YES;
				GCC_PREFIX_HEADER = "Kurzovni Listek/Kurzovni Listek-Prefix.pch";
				INFOPLIST_FILE = "Kurzovni Listek/Kurzovni Listek-Info.plist";
				PRODUCT_NAME = "$(TARGET_NAME)";
				WRAPPER_EXTENSION = app;
			};
			name = Release;
		};
		C18D5E9013E8197300B7649A /* Debug */ = {
			isa = XCBuildConfiguration;
			buildSettings = {
				BUNDLE_LOADER = "$(BUILT_PRODUCTS_DIR)/Kurzovni Listek.app/Kurzovni Listek";
				FRAMEWORK_SEARCH_PATHS = (
					"$(SDKROOT)/Developer/Library/Frameworks",
					"$(DEVELOPER_LIBRARY_DIR)/Frameworks",
				);
				GCC_PRECOMPILE_PREFIX_HEADER = YES;
				GCC_PREFIX_HEADER = "Kurzovni Listek/Kurzovni Listek-Prefix.pch";
				INFOPLIST_FILE = "Kurzovni ListekTests/Kurzovni ListekTests-Info.plist";
				PRODUCT_NAME = "$(TARGET_NAME)";
				TEST_HOST = "$(BUNDLE_LOADER)";
				WRAPPER_EXTENSION = octest;
			};
			name = Debug;
		};
		C18D5E9113E8197300B7649A /* Release */ = {
			isa = XCBuildConfiguration;
			buildSettings = {
				BUNDLE_LOADER = "$(BUILT_PRODUCTS_DIR)/Kurzovni Listek.app/Kurzovni Listek";
				FRAMEWORK_SEARCH_PATHS = (
					"$(SDKROOT)/Developer/Library/Frameworks",
					"$(DEVELOPER_LIBRARY_DIR)/Frameworks",
				);
				GCC_PRECOMPILE_PREFIX_HEADER = YES;
				GCC_PREFIX_HEADER = "Kurzovni Listek/Kurzovni Listek-Prefix.pch";
				INFOPLIST_FILE = "Kurzovni ListekTests/Kurzovni ListekTests-Info.plist";
				PRODUCT_NAME = "$(TARGET_NAME)";
				TEST_HOST = "$(BUNDLE_LOADER)";
				WRAPPER_EXTENSION = octest;
			};
			name = Release;
		};
/* End XCBuildConfiguration section */

/* Begin XCConfigurationList section */
		C18D5E5113E8197300B7649A /* Build configuration list for PBXProject "Kurzovni Listek" */ = {
			isa = XCConfigurationList;
			buildConfigurations = (
				C18D5E8A13E8197300B7649A /* Debug */,
				C18D5E8B13E8197300B7649A /* Release */,
			);
			defaultConfigurationIsVisible = 0;
			defaultConfigurationName = Release;
		};
		C18D5E8C13E8197300B7649A /* Build configuration list for PBXNativeTarget "Kurzovni Listek" */ = {
			isa = XCConfigurationList;
			buildConfigurations = (
				C18D5E8D13E8197300B7649A /* Debug */,
				C18D5E8E13E8197300B7649A /* Release */,
			);
			defaultConfigurationIsVisible = 0;
			defaultConfigurationName = Release;
		};
		C18D5E8F13E8197300B7649A /* Build configuration list for PBXNativeTarget "Kurzovni ListekTests" */ = {
			isa = XCConfigurationList;
			buildConfigurations = (
				C18D5E9013E8197300B7649A /* Debug */,
				C18D5E9113E8197300B7649A /* Release */,
			);
			defaultConfigurationIsVisible = 0;
			defaultConfigurationName = Release;
		};
/* End XCConfigurationList section */
	};
	rootObject = C18D5E4E13E8197300B7649A /* Project object */;
}
